
Microsoft Visual Studio Solution File, Format Version 12.00
# Visual Studio Version 16
VisualStudioVersion = 16.0.31702.278
MinimumVisualStudioVersion = 10.0.40219.1
Project("{FAE04EC0-301F-11D3-BF4B-00C04F79EFBC}") = "Bussiness Layer", "Bussiness Layer\Bussiness Layer.csproj", "{D8BE3D30-A990-4DAC-BC9D-9028B8E95B45}"
EndProject
Project("{FAE04EC0-301F-11D3-BF4B-00C04F79EFBC}") = "ConsoleApp1", "ConsoleApp1\ConsoleApp1.csproj", "{988B9869-142C-4E59-8509-63D439A3666D}"
EndProject
Global
	GlobalSection(SolutionConfigurationPlatforms) = preSolution
		Debug|Any CPU = Debug|Any CPU
		Release|Any CPU = Release|Any CPU
	EndGlobalSection
	GlobalSection(ProjectConfigurationPlatforms) = postSolution
		{D8BE3D30-A990-4DAC-BC9D-9028B8E95B45}.Debug|Any CPU.ActiveCfg = Debug|Any CPU
		{D8BE3D30-A990-4DAC-BC9D-9028B8E95B45}.Debug|Any CPU.Build.0 = Debug|Any CPU
		{D8BE3D30-A990-4DAC-BC9D-9028B8E95B45}.Release|Any CPU.ActiveCfg = Release|Any CPU
		{D8BE3D30-A990-4DAC-BC9D-9028B8E95B45}.Release|Any CPU.Build.0 = Release|Any CPU
		{988B9869-142C-4E59-8509-63D439A3666D}.Debug|Any CPU.ActiveCfg = Debug|Any CPU
		{988B9869-142C-4E59-8509-63D439A3666D}.Debug|Any CPU.Build.0 = Debug|Any CPU
		{988B9869-142C-4E59-8509-63D439A3666D}.Release|Any CPU.ActiveCfg = Release|Any CPU
		{988B9869-142C-4E59-8509-63D439A3666D}.Release|Any CPU.Build.0 = Release|Any CPU
	EndGlobalSection
	GlobalSection(SolutionProperties) = preSolution
		HideSolutionNode = FALSE
	EndGlobalSection
	GlobalSection(ExtensibilityGlobals) = postSolution
		SolutionGuid = {2644AE1B-98C9-46C2-B8F0-1389F5421CBC}
	EndGlobalSection
EndGlobal
